// !$*UTF8*$!
{
	archiveVersion = 1;
	classes = {
	};
	objectVersion = 55;
	objects = {

/* Begin PBXBuildFile section */
		89C2E41D28AAB79F0080A183 /* SetGameCardApp.swift in Sources */ = {isa = PBXBuildFile; fileRef = 89C2E41C28AAB79F0080A183 /* SetGameCardApp.swift */; };
		89C2E41F28AAB79F0080A183 /* SetGameView.swift in Sources */ = {isa = PBXBuildFile; fileRef = 89C2E41E28AAB79F0080A183 /* SetGameView.swift */; };
		89C2E42128AAB7A70080A183 /* Assets.xcassets in Resources */ = {isa = PBXBuildFile; fileRef = 89C2E42028AAB7A70080A183 /* Assets.xcassets */; };
		89C2E42428AAB7A70080A183 /* Preview Assets.xcassets in Resources */ = {isa = PBXBuildFile; fileRef = 89C2E42328AAB7A70080A183 /* Preview Assets.xcassets */; };
		89C2E42E28AB9CB60080A183 /* SetGame.swift in Sources */ = {isa = PBXBuildFile; fileRef = 89C2E42D28AB9CB60080A183 /* SetGame.swift */; };
		89C2E43028AB9CD00080A183 /* Card.swift in Sources */ = {isa = PBXBuildFile; fileRef = 89C2E42F28AB9CD00080A183 /* Card.swift */; };
		89C2E43228ABF1590080A183 /* CardView.swift in Sources */ = {isa = PBXBuildFile; fileRef = 89C2E43128ABF1590080A183 /* CardView.swift */; };
		89C2E43528ACCAE80080A183 /* Diamond.swift in Sources */ = {isa = PBXBuildFile; fileRef = 89C2E43428ACCAE80080A183 /* Diamond.swift */; };
		89C2E43728ACCFE40080A183 /* Oval.swift in Sources */ = {isa = PBXBuildFile; fileRef = 89C2E43628ACCFE30080A183 /* Oval.swift */; };
		89C2E43928ACD9000080A183 /* GameViewModel.swift in Sources */ = {isa = PBXBuildFile; fileRef = 89C2E43828ACD9000080A183 /* GameViewModel.swift */; };
		89C2E43C28AE34460080A183 /* Constants.swift in Sources */ = {isa = PBXBuildFile; fileRef = 89C2E43B28AE34450080A183 /* Constants.swift */; };
		89F0B0E328B36ACC00497B05 /* Cardify.swift in Sources */ = {isa = PBXBuildFile; fileRef = 89F0B0E228B36ACB00497B05 /* Cardify.swift */; };
		89F0B0E628B36D4C00497B05 /* Extensions.swift in Sources */ = {isa = PBXBuildFile; fileRef = 89F0B0E528B36D4C00497B05 /* Extensions.swift */; };
/* End PBXBuildFile section */

/* Begin PBXFileReference section */
		89C2E41928AAB79F0080A183 /* SetGameCard.app */ = {isa = PBXFileReference; explicitFileType = wrapper.application; includeInIndex = 0; path = SetGameCard.app; sourceTree = BUILT_PRODUCTS_DIR; };
		89C2E41C28AAB79F0080A183 /* SetGameCardApp.swift */ = {isa = PBXFileReference; lastKnownFileType = sourcecode.swift; path = SetGameCardApp.swift; sourceTree = "<group>"; };
		89C2E41E28AAB79F0080A183 /* SetGameView.swift */ = {isa = PBXFileReference; lastKnownFileType = sourcecode.swift; path = SetGameView.swift; sourceTree = "<group>"; };
		89C2E42028AAB7A70080A183 /* Assets.xcassets */ = {isa = PBXFileReference; lastKnownFileType = folder.assetcatalog; path = Assets.xcassets; sourceTree = "<group>"; };
		89C2E42328AAB7A70080A183 /* Preview Assets.xcassets */ = {isa = PBXFileReference; lastKnownFileType = folder.assetcatalog; path = "Preview Assets.xcassets"; sourceTree = "<group>"; };
		89C2E42D28AB9CB60080A183 /* SetGame.swift */ = {isa = PBXFileReference; lastKnownFileType = sourcecode.swift; path = SetGame.swift; sourceTree = "<group>"; };
		89C2E42F28AB9CD00080A183 /* Card.swift */ = {isa = PBXFileReference; lastKnownFileType = sourcecode.swift; path = Card.swift; sourceTree = "<group>"; };
		89C2E43128ABF1590080A183 /* CardView.swift */ = {isa = PBXFileReference; lastKnownFileType = sourcecode.swift; path = CardView.swift; sourceTree = "<group>"; };
		89C2E43428ACCAE80080A183 /* Diamond.swift */ = {isa = PBXFileReference; lastKnownFileType = sourcecode.swift; path = Diamond.swift; sourceTree = "<group>"; };
		89C2E43628ACCFE30080A183 /* Oval.swift */ = {isa = PBXFileReference; lastKnownFileType = sourcecode.swift; path = Oval.swift; sourceTree = "<group>"; };
		89C2E43828ACD9000080A183 /* GameViewModel.swift */ = {isa = PBXFileReference; lastKnownFileType = sourcecode.swift; path = GameViewModel.swift; sourceTree = "<group>"; };
		89C2E43B28AE34450080A183 /* Constants.swift */ = {isa = PBXFileReference; lastKnownFileType = sourcecode.swift; path = Constants.swift; sourceTree = "<group>"; };
		89F0B0E228B36ACB00497B05 /* Cardify.swift */ = {isa = PBXFileReference; lastKnownFileType = sourcecode.swift; path = Cardify.swift; sourceTree = SOURCE_ROOT; };
		89F0B0E528B36D4C00497B05 /* Extensions.swift */ = {isa = PBXFileReference; lastKnownFileType = sourcecode.swift; path = Extensions.swift; sourceTree = "<group>"; };
/* End PBXFileReference section */

/* Begin PBXFrameworksBuildPhase section */
		89C2E41628AAB79F0080A183 /* Frameworks */ = {
			isa = PBXFrameworksBuildPhase;
			buildActionMask = 2147483647;
			files = (
			);
			runOnlyForDeploymentPostprocessing = 0;
		};
/* End PBXFrameworksBuildPhase section */

/* Begin PBXGroup section */
		89C2E41028AAB79F0080A183 = {
			isa = PBXGroup;
			children = (
				89C2E41B28AAB79F0080A183 /* SetGameCard */,
				89C2E41A28AAB79F0080A183 /* Products */,
			);
			sourceTree = "<group>";
		};
		89C2E41A28AAB79F0080A183 /* Products */ = {
			isa = PBXGroup;
			children = (
				89C2E41928AAB79F0080A183 /* SetGameCard.app */,
			);
			name = Products;
			sourceTree = "<group>";
		};
		89C2E41B28AAB79F0080A183 /* SetGameCard */ = {
			isa = PBXGroup;
			children = (
				89C2E41C28AAB79F0080A183 /* SetGameCardApp.swift */,
				89F0B0E428B36D3400497B05 /* Extensions */,
				89C2E43A28AE342A0080A183 /* Constants */,
				89C2E42C28AB9C950080A183 /* ViewModel */,
				89C2E42A28AB9C5E0080A183 /* Views */,
				89C2E42B28AB9C670080A183 /* Models */,
				89C2E42028AAB7A70080A183 /* Assets.xcassets */,
				89C2E42228AAB7A70080A183 /* Preview Content */,
			);
			path = SetGameCard;
			sourceTree = "<group>";
		};
		89C2E42228AAB7A70080A183 /* Preview Content */ = {
			isa = PBXGroup;
			children = (
				89C2E42328AAB7A70080A183 /* Preview Assets.xcassets */,
			);
			path = "Preview Content";
			sourceTree = "<group>";
		};
		89C2E42A28AB9C5E0080A183 /* Views */ = {
			isa = PBXGroup;
			children = (
				89F0B0E228B36ACB00497B05 /* Cardify.swift */,
				89C2E41E28AAB79F0080A183 /* SetGameView.swift */,
				89C2E43128ABF1590080A183 /* CardView.swift */,
				89C2E43328ACCAC20080A183 /* Shapes */,
			);
			path = Views;
			sourceTree = "<group>";
		};
		89C2E42B28AB9C670080A183 /* Models */ = {
			isa = PBXGroup;
			children = (
				89C2E42D28AB9CB60080A183 /* SetGame.swift */,
				89C2E42F28AB9CD00080A183 /* Card.swift */,
			);
			path = Models;
			sourceTree = "<group>";
		};
		89C2E42C28AB9C950080A183 /* ViewModel */ = {
			isa = PBXGroup;
			children = (
				89C2E43828ACD9000080A183 /* GameViewModel.swift */,
			);
			path = ViewModel;
			sourceTree = "<group>";
		};
		89C2E43328ACCAC20080A183 /* Shapes */ = {
			isa = PBXGroup;
			children = (
				89C2E43428ACCAE80080A183 /* Diamond.swift */,
				89C2E43628ACCFE30080A183 /* Oval.swift */,
			);
			path = Shapes;
			sourceTree = "<group>";
		};
		89C2E43A28AE342A0080A183 /* Constants */ = {
			isa = PBXGroup;
			children = (
				89C2E43B28AE34450080A183 /* Constants.swift */,
			);
			path = Constants;
			sourceTree = "<group>";
		};
		89F0B0E428B36D3400497B05 /* Extensions */ = {
			isa = PBXGroup;
			children = (
				89F0B0E528B36D4C00497B05 /* Extensions.swift */,
			);
			path = Extensions;
			sourceTree = "<group>";
		};
/* End PBXGroup section */

/* Begin PBXNativeTarget section */
		89C2E41828AAB79F0080A183 /* SetGameCard */ = {
			isa = PBXNativeTarget;
			buildConfigurationList = 89C2E42728AAB7A70080A183 /* Build configuration list for PBXNativeTarget "SetGameCard" */;
			buildPhases = (
				89C2E41528AAB79F0080A183 /* Sources */,
				89C2E41628AAB79F0080A183 /* Frameworks */,
				89C2E41728AAB79F0080A183 /* Resources */,
			);
			buildRules = (
			);
			dependencies = (
			);
			name = SetGameCard;
			productName = SetGameCard;
			productReference = 89C2E41928AAB79F0080A183 /* SetGameCard.app */;
			productType = "com.apple.product-type.application";
		};
/* End PBXNativeTarget section */

/* Begin PBXProject section */
		89C2E41128AAB79F0080A183 /* Project object */ = {
			isa = PBXProject;
			attributes = {
				BuildIndependentTargetsInParallel = 1;
				LastSwiftUpdateCheck = 1340;
				LastUpgradeCheck = 1340;
				TargetAttributes = {
					89C2E41828AAB79F0080A183 = {
						CreatedOnToolsVersion = 13.4.1;
					};
				};
			};
			buildConfigurationList = 89C2E41428AAB79F0080A183 /* Build configuration list for PBXProject "SetGameCard" */;
			compatibilityVersion = "Xcode 13.0";
			developmentRegion = en;
			hasScannedForEncodings = 0;
			knownRegions = (
				en,
				Base,
			);
			mainGroup = 89C2E41028AAB79F0080A183;
			productRefGroup = 89C2E41A28AAB79F0080A183 /* Products */;
			projectDirPath = "";
			projectRoot = "";
			targets = (
				89C2E41828AAB79F0080A183 /* SetGameCard */,
			);
		};
/* End PBXProject section */

/* Begin PBXResourcesBuildPhase section */
		89C2E41728AAB79F0080A183 /* Resources */ = {
			isa = PBXResourcesBuildPhase;
			buildActionMask = 2147483647;
			files = (
				89C2E42428AAB7A70080A183 /* Preview Assets.xcassets in Resources */,
				89C2E42128AAB7A70080A183 /* Assets.xcassets in Resources */,
			);
			runOnlyForDeploymentPostprocessing = 0;
		};
/* End PBXResourcesBuildPhase section */

/* Begin PBXSourcesBuildPhase section */
		89C2E41528AAB79F0080A183 /* Sources */ = {
			isa = PBXSourcesBuildPhase;
			buildActionMask = 2147483647;
			files = (
				89C2E43528ACCAE80080A183 /* Diamond.swift in Sources */,
				89C2E41F28AAB79F0080A183 /* SetGameView.swift in Sources */,
				89C2E42E28AB9CB60080A183 /* SetGame.swift in Sources */,
				89C2E43728ACCFE40080A183 /* Oval.swift in Sources */,
				89C2E43928ACD9000080A183 /* GameViewModel.swift in Sources */,
				89C2E41D28AAB79F0080A183 /* SetGameCardApp.swift in Sources */,
				89C2E43028AB9CD00080A183 /* Card.swift in Sources */,
				89C2E43228ABF1590080A183 /* CardView.swift in Sources */,
				89F0B0E328B36ACC00497B05 /* Cardify.swift in Sources */,
				89F0B0E628B36D4C00497B05 /* Extensions.swift in Sources */,
				89C2E43C28AE34460080A183 /* Constants.swift in Sources */,
			);
			runOnlyForDeploymentPostprocessing = 0;
		};
/* End PBXSourcesBuildPhase section */

/* Begin XCBuildConfiguration section */
		89C2E42528AAB7A70080A183 /* Debug */ = {
			isa = XCBuildConfiguration;
			buildSettings = {
				ALWAYS_SEARCH_USER_PATHS = NO;
				CLANG_ANALYZER_NONNULL = YES;
				CLANG_ANALYZER_NUMBER_OBJECT_CONVERSION = YES_AGGRESSIVE;
				CLANG_CXX_LANGUAGE_STANDARD = "gnu++17";
				CLANG_ENABLE_MODULES = YES;
				CLANG_ENABLE_OBJC_ARC = YES;
				CLANG_ENABLE_OBJC_WEAK = YES;
				CLANG_WARN_BLOCK_CAPTURE_AUTORELEASING = YES;
				CLANG_WARN_BOOL_CONVERSION = YES;
				CLANG_WARN_COMMA = YES;
				CLANG_WARN_CONSTANT_CONVERSION = YES;
				CLANG_WARN_DEPRECATED_OBJC_IMPLEMENTATIONS = YES;
				CLANG_WARN_DIRECT_OBJC_ISA_USAGE = YES_ERROR;
				CLANG_WARN_DOCUMENTATION_COMMENTS = YES;
				CLANG_WARN_EMPTY_BODY = YES;
				CLANG_WARN_ENUM_CONVERSION = YES;
				CLANG_WARN_INFINITE_RECURSION = YES;
				CLANG_WARN_INT_CONVERSION = YES;
				CLANG_WARN_NON_LITERAL_NULL_CONVERSION = YES;
				CLANG_WARN_OBJC_IMPLICIT_RETAIN_SELF = YES;
				CLANG_WARN_OBJC_LITERAL_CONVERSION = YES;
				CLANG_WARN_OBJC_ROOT_CLASS = YES_ERROR;
				CLANG_WARN_QUOTED_INCLUDE_IN_FRAMEWORK_HEADER = YES;
				CLANG_WARN_RANGE_LOOP_ANALYSIS = YES;
				CLANG_WARN_STRICT_PROTOTYPES = YES;
				CLANG_WARN_SUSPICIOUS_MOVE = YES;
				CLANG_WARN_UNGUARDED_AVAILABILITY = YES_AGGRESSIVE;
				CLANG_WARN_UNREACHABLE_CODE = YES;
				CLANG_WARN__DUPLICATE_METHOD_MATCH = YES;
				COPY_PHASE_STRIP = NO;
				DEBUG_INFORMATION_FORMAT = dwarf;
				ENABLE_STRICT_OBJC_MSGSEND = YES;
				ENABLE_TESTABILITY = YES;
				GCC_C_LANGUAGE_STANDARD = gnu11;
				GCC_DYNAMIC_NO_PIC = NO;
				GCC_NO_COMMON_BLOCKS = YES;
				GCC_OPTIMIZATION_LEVEL = 0;
				GCC_PREPROCESSOR_DEFINITIONS = (
					"DEBUG=1",
					"$(inherited)",
				);
				GCC_WARN_64_TO_32_BIT_CONVERSION = YES;
				GCC_WARN_ABOUT_RETURN_TYPE = YES_ERROR;
				GCC_WARN_UNDECLARED_SELECTOR = YES;
				GCC_WARN_UNINITIALIZED_AUTOS = YES_AGGRESSIVE;
				GCC_WARN_UNUSED_FUNCTION = YES;
				GCC_WARN_UNUSED_VARIABLE = YES;
				IPHONEOS_DEPLOYMENT_TARGET = 15.5;
				MTL_ENABLE_DEBUG_INFO = INCLUDE_SOURCE;
				MTL_FAST_MATH = YES;
				ONLY_ACTIVE_ARCH = YES;
				SDKROOT = iphoneos;
				SWIFT_ACTIVE_COMPILATION_CONDITIONS = DEBUG;
				SWIFT_OPTIMIZATION_LEVEL = "-Onone";
			};
			name = Debug;
		};
		89C2E42628AAB7A70080A183 /* Release */ = {
			isa = XCBuildConfiguration;
			buildSettings = {
				ALWAYS_SEARCH_USER_PATHS = NO;
				CLANG_ANALYZER_NONNULL = YES;
				CLANG_ANALYZER_NUMBER_OBJECT_CONVERSION = YES_AGGRESSIVE;
				CLANG_CXX_LANGUAGE_STANDARD = "gnu++17";
				CLANG_ENABLE_MODULES = YES;
				CLANG_ENABLE_OBJC_ARC = YES;
				CLANG_ENABLE_OBJC_WEAK = YES;
				CLANG_WARN_BLOCK_CAPTURE_AUTORELEASING = YES;
				CLANG_WARN_BOOL_CONVERSION = YES;
				CLANG_WARN_COMMA = YES;
				CLANG_WARN_CONSTANT_CONVERSION = YES;
				CLANG_WARN_DEPRECATED_OBJC_IMPLEMENTATIONS = YES;
				CLANG_WARN_DIRECT_OBJC_ISA_USAGE = YES_ERROR;
				CLANG_WARN_DOCUMENTATION_COMMENTS = YES;
				CLANG_WARN_EMPTY_BODY = YES;
				CLANG_WARN_ENUM_CONVERSION = YES;
				CLANG_WARN_INFINITE_RECURSION = YES;
				CLANG_WARN_INT_CONVERSION = YES;
				CLANG_WARN_NON_LITERAL_NULL_CONVERSION = YES;
				CLANG_WARN_OBJC_IMPLICIT_RETAIN_SELF = YES;
				CLANG_WARN_OBJC_LITERAL_CONVERSION = YES;
				CLANG_WARN_OBJC_ROOT_CLASS = YES_ERROR;
				CLANG_WARN_QUOTED_INCLUDE_IN_FRAMEWORK_HEADER = YES;
				CLANG_WARN_RANGE_LOOP_ANALYSIS = YES;
				CLANG_WARN_STRICT_PROTOTYPES = YES;
				CLANG_WARN_SUSPICIOUS_MOVE = YES;
				CLANG_WARN_UNGUARDED_AVAILABILITY = YES_AGGRESSIVE;
				CLANG_WARN_UNREACHABLE_CODE = YES;
				CLANG_WARN__DUPLICATE_METHOD_MATCH = YES;
				COPY_PHASE_STRIP = NO;
				DEBUG_INFORMATION_FORMAT = "dwarf-with-dsym";
				ENABLE_NS_ASSERTIONS = NO;
				ENABLE_STRICT_OBJC_MSGSEND = YES;
				GCC_C_LANGUAGE_STANDARD = gnu11;
				GCC_NO_COMMON_BLOCKS = YES;
				GCC_WARN_64_TO_32_BIT_CONVERSION = YES;
				GCC_WARN_ABOUT_RETURN_TYPE = YES_ERROR;
				GCC_WARN_UNDECLARED_SELECTOR = YES;
				GCC_WARN_UNINITIALIZED_AUTOS = YES_AGGRESSIVE;
				GCC_WARN_UNUSED_FUNCTION = YES;
				GCC_WARN_UNUSED_VARIABLE = YES;
				IPHONEOS_DEPLOYMENT_TARGET = 15.5;
				MTL_ENABLE_DEBUG_INFO = NO;
				MTL_FAST_MATH = YES;
				SDKROOT = iphoneos;
				SWIFT_COMPILATION_MODE = wholemodule;
				SWIFT_OPTIMIZATION_LEVEL = "-O";
				VALIDATE_PRODUCT = YES;
			};
			name = Release;
		};
		89C2E42828AAB7A70080A183 /* Debug */ = {
			isa = XCBuildConfiguration;
			buildSettings = {
				ASSETCATALOG_COMPILER_APPICON_NAME = AppIcon;
				ASSETCATALOG_COMPILER_GLOBAL_ACCENT_COLOR_NAME = AccentColor;
				CODE_SIGN_STYLE = Automatic;
				CURRENT_PROJECT_VERSION = 1;
				DEVELOPMENT_ASSET_PATHS = "\"SetGameCard/Preview Content\"";
				DEVELOPMENT_TEAM = M7QC4X74R8;
				ENABLE_PREVIEWS = YES;
				GENERATE_INFOPLIST_FILE = YES;
				INFOPLIST_KEY_UIApplicationSceneManifest_Generation = YES;
				INFOPLIST_KEY_UIApplicationSupportsIndirectInputEvents = YES;
				INFOPLIST_KEY_UILaunchScreen_Generation = YES;
				INFOPLIST_KEY_UISupportedInterfaceOrientations_iPad = "UIInterfaceOrientationPortrait UIInterfaceOrientationPortraitUpsideDown UIInterfaceOrientationLandscapeLeft UIInterfaceOrientationLandscapeRight";
				INFOPLIST_KEY_UISupportedInterfaceOrientations_iPhone = "UIInterfaceOrientationPortrait UIInterfaceOrientationLandscapeLeft UIInterfaceOrientationLandscapeRight";
				LD_RUNPATH_SEARCH_PATHS = (
					"$(inherited)",
					"@executable_path/Frameworks",
				);
				MARKETING_VERSION = 1.0;
				PRODUCT_BUNDLE_IDENTIFIER = com.bluesky.SetGameCard;
				PRODUCT_NAME = "$(TARGET_NAME)";
				SWIFT_EMIT_LOC_STRINGS = YES;
				SWIFT_VERSION = 5.0;
				TARGETED_DEVICE_FAMILY = "1,2";
			};
			name = Debug;
		};
		89C2E42928AAB7A70080A183 /* Release */ = {
			isa = XCBuildConfiguration;
			buildSettings = {
				ASSETCATALOG_COMPILER_APPICON_NAME = AppIcon;
				ASSETCATALOG_COMPILER_GLOBAL_ACCENT_COLOR_NAME = AccentColor;
				CODE_SIGN_STYLE = Automatic;
				CURRENT_PROJECT_VERSION = 1;
				DEVELOPMENT_ASSET_PATHS = "\"SetGameCard/Preview Content\"";
				DEVELOPMENT_TEAM = M7QC4X74R8;
				ENABLE_PREVIEWS = YES;
				GENERATE_INFOPLIST_FILE = YES;
				INFOPLIST_KEY_UIApplicationSceneManifest_Generation = YES;
				INFOPLIST_KEY_UIApplicationSupportsIndirectInputEvents = YES;
				INFOPLIST_KEY_UILaunchScreen_Generation = YES;
				INFOPLIST_KEY_UISupportedInterfaceOrientations_iPad = "UIInterfaceOrientationPortrait UIInterfaceOrientationPortraitUpsideDown UIInterfaceOrientationLandscapeLeft UIInterfaceOrientationLandscapeRight";
				INFOPLIST_KEY_UISupportedInterfaceOrientations_iPhone = "UIInterfaceOrientationPortrait UIInterfaceOrientationLandscapeLeft UIInterfaceOrientationLandscapeRight";
				LD_RUNPATH_SEARCH_PATHS = (
					"$(inherited)",
					"@executable_path/Frameworks",
				);
				MARKETING_VERSION = 1.0;
				PRODUCT_BUNDLE_IDENTIFIER = com.bluesky.SetGameCard;
				PRODUCT_NAME = "$(TARGET_NAME)";
				SWIFT_EMIT_LOC_STRINGS = YES;
				SWIFT_VERSION = 5.0;
				TARGETED_DEVICE_FAMILY = "1,2";
			};
			name = Release;
		};
/* End XCBuildConfiguration section */

/* Begin XCConfigurationList section */
		89C2E41428AAB79F0080A183 /* Build configuration list for PBXProject "SetGameCard" */ = {
			isa = XCConfigurationList;
			buildConfigurations = (
				89C2E42528AAB7A70080A183 /* Debug */,
				89C2E42628AAB7A70080A183 /* Release */,
			);
			defaultConfigurationIsVisible = 0;
			defaultConfigurationName = Release;
		};
		89C2E42728AAB7A70080A183 /* Build configuration list for PBXNativeTarget "SetGameCard" */ = {
			isa = XCConfigurationList;
			buildConfigurations = (
				89C2E42828AAB7A70080A183 /* Debug */,
				89C2E42928AAB7A70080A183 /* Release */,
			);
			defaultConfigurationIsVisible = 0;
			defaultConfigurationName = Release;
		};
/* End XCConfigurationList section */
	};
	rootObject = 89C2E41128AAB79F0080A183 /* Project object */;
}
